
Microsoft Visual Studio Solution File, Format Version 12.00
# Visual Studio 15
VisualStudioVersion = 15.0.27004.2005
MinimumVisualStudioVersion = 10.0.40219.1
Project("{FAE04EC0-301F-11D3-BF4B-00C04F79EFBC}") = "usellesprtoject", "WindowsFormsApp5\usellesprtoject.csproj", "{57BC7D9A-DD70-4FEA-83C1-1294839DE223}"
EndProject
Global
	GlobalSection(SolutionConfigurationPlatforms) = preSolution
		Debug|Any CPU = Debug|Any CPU
		Release|Any CPU = Release|Any CPU
	EndGlobalSection
	GlobalSection(ProjectConfigurationPlatforms) = postSolution
		{57BC7D9A-DD70-4FEA-83C1-1294839DE223}.Debug|Any CPU.ActiveCfg = Debug|Any CPU
		{57BC7D9A-DD70-4FEA-83C1-1294839DE223}.Debug|Any CPU.Build.0 = Debug|Any CPU
		{57BC7D9A-DD70-4FEA-83C1-1294839DE223}.Release|Any CPU.ActiveCfg = Release|Any CPU
		{57BC7D9A-DD70-4FEA-83C1-1294839DE223}.Release|Any CPU.Build.0 = Release|Any CPU
	EndGlobalSection
	GlobalSection(SolutionProperties) = preSolution
		HideSolutionNode = FALSE
	EndGlobalSection
	GlobalSection(ExtensibilityGlobals) = postSolution
		SolutionGuid = {B1D87375-1CB5-4822-A046-DB4BAAF494A6}
	EndGlobalSection
EndGlobal
