
Microsoft Visual Studio Solution File, Format Version 12.00
# Visual Studio 15
VisualStudioVersion = 15.0.27004.2005
MinimumVisualStudioVersion = 10.0.40219.1
Project("{FAE04EC0-301F-11D3-BF4B-00C04F79EFBC}") = "Calculator", "Calculator\Calculator.csproj", "{3F152605-83A1-4D55-B940-82009736B59F}"
EndProject
Project("{FAE04EC0-301F-11D3-BF4B-00C04F79EFBC}") = "testcalculator", "testcalculator\testcalculator.csproj", "{152E24B7-5C3E-443A-962A-10523C687B5F}"
EndProject
Global
	GlobalSection(SolutionConfigurationPlatforms) = preSolution
		Debug|Any CPU = Debug|Any CPU
		Release|Any CPU = Release|Any CPU
	EndGlobalSection
	GlobalSection(ProjectConfigurationPlatforms) = postSolution
		{3F152605-83A1-4D55-B940-82009736B59F}.Debug|Any CPU.ActiveCfg = Debug|Any CPU
		{3F152605-83A1-4D55-B940-82009736B59F}.Debug|Any CPU.Build.0 = Debug|Any CPU
		{3F152605-83A1-4D55-B940-82009736B59F}.Release|Any CPU.ActiveCfg = Release|Any CPU
		{3F152605-83A1-4D55-B940-82009736B59F}.Release|Any CPU.Build.0 = Release|Any CPU
		{152E24B7-5C3E-443A-962A-10523C687B5F}.Debug|Any CPU.ActiveCfg = Debug|Any CPU
		{152E24B7-5C3E-443A-962A-10523C687B5F}.Debug|Any CPU.Build.0 = Debug|Any CPU
		{152E24B7-5C3E-443A-962A-10523C687B5F}.Release|Any CPU.ActiveCfg = Release|Any CPU
		{152E24B7-5C3E-443A-962A-10523C687B5F}.Release|Any CPU.Build.0 = Release|Any CPU
	EndGlobalSection
	GlobalSection(SolutionProperties) = preSolution
		HideSolutionNode = FALSE
	EndGlobalSection
	GlobalSection(ExtensibilityGlobals) = postSolution
		SolutionGuid = {38643CF8-4A84-48EF-B536-73C778E09DC0}
	EndGlobalSection
EndGlobal
